
Microsoft Visual Studio Solution File, Format Version 12.00
# Visual Studio Version 17
VisualStudioVersion = 17.7.34031.279
MinimumVisualStudioVersion = 10.0.40219.1
Project("{FAE04EC0-301F-11D3-BF4B-00C04F79EFBC}") = "13weekdismat", "13weekdismat\13weekdismat.csproj", "{4D6AD9B0-3CED-4115-996E-14411ECA050B}"
EndProject
Global
	GlobalSection(SolutionConfigurationPlatforms) = preSolution
		Debug|Any CPU = Debug|Any CPU
		Release|Any CPU = Release|Any CPU
	EndGlobalSection
	GlobalSection(ProjectConfigurationPlatforms) = postSolution
		{4D6AD9B0-3CED-4115-996E-14411ECA050B}.Debug|Any CPU.ActiveCfg = Debug|Any CPU
		{4D6AD9B0-3CED-4115-996E-14411ECA050B}.Debug|Any CPU.Build.0 = Debug|Any CPU
		{4D6AD9B0-3CED-4115-996E-14411ECA050B}.Release|Any CPU.ActiveCfg = Release|Any CPU
		{4D6AD9B0-3CED-4115-996E-14411ECA050B}.Release|Any CPU.Build.0 = Release|Any CPU
	EndGlobalSection
	GlobalSection(SolutionProperties) = preSolution
		HideSolutionNode = FALSE
	EndGlobalSection
	GlobalSection(ExtensibilityGlobals) = postSolution
		SolutionGuid = {6CE8057C-8EE0-47B9-AECA-4364A923103C}
	EndGlobalSection
EndGlobal
