
Microsoft Visual Studio Solution File, Format Version 12.00
# Visual Studio Version 17
VisualStudioVersion = 17.7.34031.279
MinimumVisualStudioVersion = 10.0.40219.1
Project("{FAE04EC0-301F-11D3-BF4B-00C04F79EFBC}") = "11Distkratka", "11Distkratka\11Distkratka.csproj", "{DD383211-54EF-475F-B79F-B8216AF70D33}"
EndProject
Global
	GlobalSection(SolutionConfigurationPlatforms) = preSolution
		Debug|Any CPU = Debug|Any CPU
		Release|Any CPU = Release|Any CPU
	EndGlobalSection
	GlobalSection(ProjectConfigurationPlatforms) = postSolution
		{DD383211-54EF-475F-B79F-B8216AF70D33}.Debug|Any CPU.ActiveCfg = Debug|Any CPU
		{DD383211-54EF-475F-B79F-B8216AF70D33}.Debug|Any CPU.Build.0 = Debug|Any CPU
		{DD383211-54EF-475F-B79F-B8216AF70D33}.Release|Any CPU.ActiveCfg = Release|Any CPU
		{DD383211-54EF-475F-B79F-B8216AF70D33}.Release|Any CPU.Build.0 = Release|Any CPU
	EndGlobalSection
	GlobalSection(SolutionProperties) = preSolution
		HideSolutionNode = FALSE
	EndGlobalSection
	GlobalSection(ExtensibilityGlobals) = postSolution
		SolutionGuid = {06F3E217-BFFB-4FDF-908D-3F3F0B14E33D}
	EndGlobalSection
EndGlobal
